// !$*UTF8*$!
{
	archiveVersion = 1;
	classes = {
	};
	objectVersion = 46;
	objects = {

/* Begin PBXBuildFile section */
		707C48BC1D450C73008BD838 /* AppDelegate.swift in Sources */ = {isa = PBXBuildFile; fileRef = 707C48BB1D450C73008BD838 /* AppDelegate.swift */; };
		707C48BE1D450C73008BD838 /* ViewController.swift in Sources */ = {isa = PBXBuildFile; fileRef = 707C48BD1D450C73008BD838 /* ViewController.swift */; };
		707C48C11D450C73008BD838 /* Main.storyboard in Resources */ = {isa = PBXBuildFile; fileRef = 707C48BF1D450C73008BD838 /* Main.storyboard */; };
		707C48C31D450C73008BD838 /* Assets.xcassets in Resources */ = {isa = PBXBuildFile; fileRef = 707C48C21D450C73008BD838 /* Assets.xcassets */; };
		707C48C61D450C73008BD838 /* LaunchScreen.storyboard in Resources */ = {isa = PBXBuildFile; fileRef = 707C48C41D450C73008BD838 /* LaunchScreen.storyboard */; };
		707C48D11D450C73008BD838 /* MyTravelTests.swift in Sources */ = {isa = PBXBuildFile; fileRef = 707C48D01D450C73008BD838 /* MyTravelTests.swift */; };
		707C48DC1D450C73008BD838 /* MyTravelUITests.swift in Sources */ = {isa = PBXBuildFile; fileRef = 707C48DB1D450C73008BD838 /* MyTravelUITests.swift */; };
/* End PBXBuildFile section */

/* Begin PBXContainerItemProxy section */
		707C48CD1D450C73008BD838 /* PBXContainerItemProxy */ = {
			isa = PBXContainerItemProxy;
			containerPortal = 707C48B01D450C73008BD838 /* Project object */;
			proxyType = 1;
			remoteGlobalIDString = 707C48B71D450C73008BD838;
			remoteInfo = MyTravel;
		};
		707C48D81D450C73008BD838 /* PBXContainerItemProxy */ = {
			isa = PBXContainerItemProxy;
			containerPortal = 707C48B01D450C73008BD838 /* Project object */;
			proxyType = 1;
			remoteGlobalIDString = 707C48B71D450C73008BD838;
			remoteInfo = MyTravel;
		};
/* End PBXContainerItemProxy section */

/* Begin PBXFileReference section */
		707C48B81D450C73008BD838 /* MyTravel.app */ = {isa = PBXFileReference; explicitFileType = wrapper.application; includeInIndex = 0; path = MyTravel.app; sourceTree = BUILT_PRODUCTS_DIR; };
		707C48BB1D450C73008BD838 /* AppDelegate.swift */ = {isa = PBXFileReference; lastKnownFileType = sourcecode.swift; path = AppDelegate.swift; sourceTree = "<group>"; };
		707C48BD1D450C73008BD838 /* ViewController.swift */ = {isa = PBXFileReference; lastKnownFileType = sourcecode.swift; path = ViewController.swift; sourceTree = "<group>"; };
		707C48C01D450C73008BD838 /* Base */ = {isa = PBXFileReference; lastKnownFileType = file.storyboard; name = Base; path = Base.lproj/Main.storyboard; sourceTree = "<group>"; };
		707C48C21D450C73008BD838 /* Assets.xcassets */ = {isa = PBXFileReference; lastKnownFileType = folder.assetcatalog; path = Assets.xcassets; sourceTree = "<group>"; };
		707C48C51D450C73008BD838 /* Base */ = {isa = PBXFileReference; lastKnownFileType = file.storyboard; name = Base; path = Base.lproj/LaunchScreen.storyboard; sourceTree = "<group>"; };
		707C48C71D450C73008BD838 /* Info.plist */ = {isa = PBXFileReference; lastKnownFileType = text.plist.xml; path = Info.plist; sourceTree = "<group>"; };
		707C48CC1D450C73008BD838 /* MyTravelTests.xctest */ = {isa = PBXFileReference; explicitFileType = wrapper.cfbundle; includeInIndex = 0; path = MyTravelTests.xctest; sourceTree = BUILT_PRODUCTS_DIR; };
		707C48D01D450C73008BD838 /* MyTravelTests.swift */ = {isa = PBXFileReference; lastKnownFileType = sourcecode.swift; path = MyTravelTests.swift; sourceTree = "<group>"; };
		707C48D21D450C73008BD838 /* Info.plist */ = {isa = PBXFileReference; lastKnownFileType = text.plist.xml; path = Info.plist; sourceTree = "<group>"; };
		707C48D71D450C73008BD838 /* MyTravelUITests.xctest */ = {isa = PBXFileReference; explicitFileType = wrapper.cfbundle; includeInIndex = 0; path = MyTravelUITests.xctest; sourceTree = BUILT_PRODUCTS_DIR; };
		707C48DB1D450C73008BD838 /* MyTravelUITests.swift */ = {isa = PBXFileReference; lastKnownFileType = sourcecode.swift; path = MyTravelUITests.swift; sourceTree = "<group>"; };
		707C48DD1D450C73008BD838 /* Info.plist */ = {isa = PBXFileReference; lastKnownFileType = text.plist.xml; path = Info.plist; sourceTree = "<group>"; };
/* End PBXFileReference section */

/* Begin PBXFrameworksBuildPhase section */
		707C48B51D450C73008BD838 /* Frameworks */ = {
			isa = PBXFrameworksBuildPhase;
			buildActionMask = 2147483647;
			files = (
			);
			runOnlyForDeploymentPostprocessing = 0;
		};
		707C48C91D450C73008BD838 /* Frameworks */ = {
			isa = PBXFrameworksBuildPhase;
			buildActionMask = 2147483647;
			files = (
			);
			runOnlyForDeploymentPostprocessing = 0;
		};
		707C48D41D450C73008BD838 /* Frameworks */ = {
			isa = PBXFrameworksBuildPhase;
			buildActionMask = 2147483647;
			files = (
			);
			runOnlyForDeploymentPostprocessing = 0;
		};
/* End PBXFrameworksBuildPhase section */

/* Begin PBXGroup section */
		707C48AF1D450C73008BD838 = {
			isa = PBXGroup;
			children = (
				707C48BA1D450C73008BD838 /* MyTravel */,
				707C48CF1D450C73008BD838 /* MyTravelTests */,
				707C48DA1D450C73008BD838 /* MyTravelUITests */,
				707C48B91D450C73008BD838 /* Products */,
			);
			sourceTree = "<group>";
		};
		707C48B91D450C73008BD838 /* Products */ = {
			isa = PBXGroup;
			children = (
				707C48B81D450C73008BD838 /* MyTravel.app */,
				707C48CC1D450C73008BD838 /* MyTravelTests.xctest */,
				707C48D71D450C73008BD838 /* MyTravelUITests.xctest */,
			);
			name = Products;
			sourceTree = "<group>";
		};
		707C48BA1D450C73008BD838 /* MyTravel */ = {
			isa = PBXGroup;
			children = (
				707C48BB1D450C73008BD838 /* AppDelegate.swift */,
				707C48BD1D450C73008BD838 /* ViewController.swift */,
				707C48BF1D450C73008BD838 /* Main.storyboard */,
				707C48C21D450C73008BD838 /* Assets.xcassets */,
				707C48C41D450C73008BD838 /* LaunchScreen.storyboard */,
				707C48C71D450C73008BD838 /* Info.plist */,
			);
			path = MyTravel;
			sourceTree = "<group>";
		};
		707C48CF1D450C73008BD838 /* MyTravelTests */ = {
			isa = PBXGroup;
			children = (
				707C48D01D450C73008BD838 /* MyTravelTests.swift */,
				707C48D21D450C73008BD838 /* Info.plist */,
			);
			path = MyTravelTests;
			sourceTree = "<group>";
		};
		707C48DA1D450C73008BD838 /* MyTravelUITests */ = {
			isa = PBXGroup;
			children = (
				707C48DB1D450C73008BD838 /* MyTravelUITests.swift */,
				707C48DD1D450C73008BD838 /* Info.plist */,
			);
			path = MyTravelUITests;
			sourceTree = "<group>";
		};
/* End PBXGroup section */

/* Begin PBXNativeTarget section */
		707C48B71D450C73008BD838 /* MyTravel */ = {
			isa = PBXNativeTarget;
			buildConfigurationList = 707C48E01D450C73008BD838 /* Build configuration list for PBXNativeTarget "MyTravel" */;
			buildPhases = (
				707C48B41D450C73008BD838 /* Sources */,
				707C48B51D450C73008BD838 /* Frameworks */,
				707C48B61D450C73008BD838 /* Resources */,
			);
			buildRules = (
			);
			dependencies = (
			);
			name = MyTravel;
			productName = MyTravel;
			productReference = 707C48B81D450C73008BD838 /* MyTravel.app */;
			productType = "com.apple.product-type.application";
		};
		707C48CB1D450C73008BD838 /* MyTravelTests */ = {
			isa = PBXNativeTarget;
			buildConfigurationList = 707C48E31D450C73008BD838 /* Build configuration list for PBXNativeTarget "MyTravelTests" */;
			buildPhases = (
				707C48C81D450C73008BD838 /* Sources */,
				707C48C91D450C73008BD838 /* Frameworks */,
				707C48CA1D450C73008BD838 /* Resources */,
			);
			buildRules = (
			);
			dependencies = (
				707C48CE1D450C73008BD838 /* PBXTargetDependency */,
			);
			name = MyTravelTests;
			productName = MyTravelTests;
			productReference = 707C48CC1D450C73008BD838 /* MyTravelTests.xctest */;
			productType = "com.apple.product-type.bundle.unit-test";
		};
		707C48D61D450C73008BD838 /* MyTravelUITests */ = {
			isa = PBXNativeTarget;
			buildConfigurationList = 707C48E61D450C73008BD838 /* Build configuration list for PBXNativeTarget "MyTravelUITests" */;
			buildPhases = (
				707C48D31D450C73008BD838 /* Sources */,
				707C48D41D450C73008BD838 /* Frameworks */,
				707C48D51D450C73008BD838 /* Resources */,
			);
			buildRules = (
			);
			dependencies = (
				707C48D91D450C73008BD838 /* PBXTargetDependency */,
			);
			name = MyTravelUITests;
			productName = MyTravelUITests;
			productReference = 707C48D71D450C73008BD838 /* MyTravelUITests.xctest */;
			productType = "com.apple.product-type.bundle.ui-testing";
		};
/* End PBXNativeTarget section */

/* Begin PBXProject section */
		707C48B01D450C73008BD838 /* Project object */ = {
			isa = PBXProject;
			attributes = {
				LastSwiftUpdateCheck = 0730;
				LastUpgradeCheck = 0730;
				ORGANIZATIONNAME = Daeho;
				TargetAttributes = {
					707C48B71D450C73008BD838 = {
						CreatedOnToolsVersion = 7.3.1;
					};
					707C48CB1D450C73008BD838 = {
						CreatedOnToolsVersion = 7.3.1;
						TestTargetID = 707C48B71D450C73008BD838;
					};
					707C48D61D450C73008BD838 = {
						CreatedOnToolsVersion = 7.3.1;
						TestTargetID = 707C48B71D450C73008BD838;
					};
				};
			};
			buildConfigurationList = 707C48B31D450C73008BD838 /* Build configuration list for PBXProject "MyTravel" */;
			compatibilityVersion = "Xcode 3.2";
			developmentRegion = English;
			hasScannedForEncodings = 0;
			knownRegions = (
				en,
				Base,
			);
			mainGroup = 707C48AF1D450C73008BD838;
			productRefGroup = 707C48B91D450C73008BD838 /* Products */;
			projectDirPath = "";
			projectRoot = "";
			targets = (
				707C48B71D450C73008BD838 /* MyTravel */,
				707C48CB1D450C73008BD838 /* MyTravelTests */,
				707C48D61D450C73008BD838 /* MyTravelUITests */,
			);
		};
/* End PBXProject section */

/* Begin PBXResourcesBuildPhase section */
		707C48B61D450C73008BD838 /* Resources */ = {
			isa = PBXResourcesBuildPhase;
			buildActionMask = 2147483647;
			files = (
				707C48C61D450C73008BD838 /* LaunchScreen.storyboard in Resources */,
				707C48C31D450C73008BD838 /* Assets.xcassets in Resources */,
				707C48C11D450C73008BD838 /* Main.storyboard in Resources */,
			);
			runOnlyForDeploymentPostprocessing = 0;
		};
		707C48CA1D450C73008BD838 /* Resources */ = {
			isa = PBXResourcesBuildPhase;
			buildActionMask = 2147483647;
			files = (
			);
			runOnlyForDeploymentPostprocessing = 0;
		};
		707C48D51D450C73008BD838 /* Resources */ = {
			isa = PBXResourcesBuildPhase;
			buildActionMask = 2147483647;
			files = (
			);
			runOnlyForDeploymentPostprocessing = 0;
		};
/* End PBXResourcesBuildPhase section */

/* Begin PBXSourcesBuildPhase section */
		707C48B41D450C73008BD838 /* Sources */ = {
			isa = PBXSourcesBuildPhase;
			buildActionMask = 2147483647;
			files = (
				707C48BE1D450C73008BD838 /* ViewController.swift in Sources */,
				707C48BC1D450C73008BD838 /* AppDelegate.swift in Sources */,
			);
			runOnlyForDeploymentPostprocessing = 0;
		};
		707C48C81D450C73008BD838 /* Sources */ = {
			isa = PBXSourcesBuildPhase;
			buildActionMask = 2147483647;
			files = (
				707C48D11D450C73008BD838 /* MyTravelTests.swift in Sources */,
			);
			runOnlyForDeploymentPostprocessing = 0;
		};
		707C48D31D450C73008BD838 /* Sources */ = {
			isa = PBXSourcesBuildPhase;
			buildActionMask = 2147483647;
			files = (
				707C48DC1D450C73008BD838 /* MyTravelUITests.swift in Sources */,
			);
			runOnlyForDeploymentPostprocessing = 0;
		};
/* End PBXSourcesBuildPhase section */

/* Begin PBXTargetDependency section */
		707C48CE1D450C73008BD838 /* PBXTargetDependency */ = {
			isa = PBXTargetDependency;
			target = 707C48B71D450C73008BD838 /* MyTravel */;
			targetProxy = 707C48CD1D450C73008BD838 /* PBXContainerItemProxy */;
		};
		707C48D91D450C73008BD838 /* PBXTargetDependency */ = {
			isa = PBXTargetDependency;
			target = 707C48B71D450C73008BD838 /* MyTravel */;
			targetProxy = 707C48D81D450C73008BD838 /* PBXContainerItemProxy */;
		};
/* End PBXTargetDependency section */

/* Begin PBXVariantGroup section */
		707C48BF1D450C73008BD838 /* Main.storyboard */ = {
			isa = PBXVariantGroup;
			children = (
				707C48C01D450C73008BD838 /* Base */,
			);
			name = Main.storyboard;
			sourceTree = "<group>";
		};
		707C48C41D450C73008BD838 /* LaunchScreen.storyboard */ = {
			isa = PBXVariantGroup;
			children = (
				707C48C51D450C73008BD838 /* Base */,
			);
			name = LaunchScreen.storyboard;
			sourceTree = "<group>";
		};
/* End PBXVariantGroup section */

/* Begin XCBuildConfiguration section */
		707C48DE1D450C73008BD838 /* Debug */ = {
			isa = XCBuildConfiguration;
			buildSettings = {
				ALWAYS_SEARCH_USER_PATHS = NO;
				CLANG_ANALYZER_NONNULL = YES;
				CLANG_CXX_LANGUAGE_STANDARD = "gnu++0x";
				CLANG_CXX_LIBRARY = "libc++";
				CLANG_ENABLE_MODULES = YES;
				CLANG_ENABLE_OBJC_ARC = YES;
				CLANG_WARN_BOOL_CONVERSION = YES;
				CLANG_WARN_CONSTANT_CONVERSION = YES;
				CLANG_WARN_DIRECT_OBJC_ISA_USAGE = YES_ERROR;
				CLANG_WARN_EMPTY_BODY = YES;
				CLANG_WARN_ENUM_CONVERSION = YES;
				CLANG_WARN_INT_CONVERSION = YES;
				CLANG_WARN_OBJC_ROOT_CLASS = YES_ERROR;
				CLANG_WARN_UNREACHABLE_CODE = YES;
				CLANG_WARN__DUPLICATE_METHOD_MATCH = YES;
				"CODE_SIGN_IDENTITY[sdk=iphoneos*]" = "iPhone Developer";
				COPY_PHASE_STRIP = NO;
				DEBUG_INFORMATION_FORMAT = dwarf;
				ENABLE_STRICT_OBJC_MSGSEND = YES;
				ENABLE_TESTABILITY = YES;
				GCC_C_LANGUAGE_STANDARD = gnu99;
				GCC_DYNAMIC_NO_PIC = NO;
				GCC_NO_COMMON_BLOCKS = YES;
				GCC_OPTIMIZATION_LEVEL = 0;
				GCC_PREPROCESSOR_DEFINITIONS = (
					"DEBUG=1",
					"$(inherited)",
				);
				GCC_WARN_64_TO_32_BIT_CONVERSION = YES;
				GCC_WARN_ABOUT_RETURN_TYPE = YES_ERROR;
				GCC_WARN_UNDECLARED_SELECTOR = YES;
				GCC_WARN_UNINITIALIZED_AUTOS = YES_AGGRESSIVE;
				GCC_WARN_UNUSED_FUNCTION = YES;
				GCC_WARN_UNUSED_VARIABLE = YES;
				IPHONEOS_DEPLOYMENT_TARGET = 9.3;
				MTL_ENABLE_DEBUG_INFO = YES;
				ONLY_ACTIVE_ARCH = YES;
				SDKROOT = iphoneos;
				SWIFT_OPTIMIZATION_LEVEL = "-Onone";
			};
			name = Debug;
		};
		707C48DF1D450C73008BD838 /* Release */ = {
			isa = XCBuildConfiguration;
			buildSettings = {
				ALWAYS_SEARCH_USER_PATHS = NO;
				CLANG_ANALYZER_NONNULL = YES;
				CLANG_CXX_LANGUAGE_STANDARD = "gnu++0x";
				CLANG_CXX_LIBRARY = "libc++";
				CLANG_ENABLE_MODULES = YES;
				CLANG_ENABLE_OBJC_ARC = YES;
				CLANG_WARN_BOOL_CONVERSION = YES;
				CLANG_WARN_CONSTANT_CONVERSION = YES;
				CLANG_WARN_DIRECT_OBJC_ISA_USAGE = YES_ERROR;
				CLANG_WARN_EMPTY_BODY = YES;
				CLANG_WARN_ENUM_CONVERSION = YES;
				CLANG_WARN_INT_CONVERSION = YES;
				CLANG_WARN_OBJC_ROOT_CLASS = YES_ERROR;
				CLANG_WARN_UNREACHABLE_CODE = YES;
				CLANG_WARN__DUPLICATE_METHOD_MATCH = YES;
				"CODE_SIGN_IDENTITY[sdk=iphoneos*]" = "iPhone Developer";
				COPY_PHASE_STRIP = NO;
				DEBUG_INFORMATION_FORMAT = "dwarf-with-dsym";
				ENABLE_NS_ASSERTIONS = NO;
				ENABLE_STRICT_OBJC_MSGSEND = YES;
				GCC_C_LANGUAGE_STANDARD = gnu99;
				GCC_NO_COMMON_BLOCKS = YES;
				GCC_WARN_64_TO_32_BIT_CONVERSION = YES;
				GCC_WARN_ABOUT_RETURN_TYPE = YES_ERROR;
				GCC_WARN_UNDECLARED_SELECTOR = YES;
				GCC_WARN_UNINITIALIZED_AUTOS = YES_AGGRESSIVE;
				GCC_WARN_UNUSED_FUNCTION = YES;
				GCC_WARN_UNUSED_VARIABLE = YES;
				IPHONEOS_DEPLOYMENT_TARGET = 9.3;
				MTL_ENABLE_DEBUG_INFO = NO;
				SDKROOT = iphoneos;
				VALIDATE_PRODUCT = YES;
			};
			name = Release;
		};
		707C48E11D450C73008BD838 /* Debug */ = {
			isa = XCBuildConfiguration;
			buildSettings = {
				ASSETCATALOG_COMPILER_APPICON_NAME = AppIcon;
				INFOPLIST_FILE = MyTravel/Info.plist;
				LD_RUNPATH_SEARCH_PATHS = "$(inherited) @executable_path/Frameworks";
				PRODUCT_BUNDLE_IDENTIFIER = com.yeho.MyTravel;
				PRODUCT_NAME = "$(TARGET_NAME)";
			};
			name = Debug;
		};
		707C48E21D450C73008BD838 /* Release */ = {
			isa = XCBuildConfiguration;
			buildSettings = {
				ASSETCATALOG_COMPILER_APPICON_NAME = AppIcon;
				INFOPLIST_FILE = MyTravel/Info.plist;
				LD_RUNPATH_SEARCH_PATHS = "$(inherited) @executable_path/Frameworks";
				PRODUCT_BUNDLE_IDENTIFIER = com.yeho.MyTravel;
				PRODUCT_NAME = "$(TARGET_NAME)";
			};
			name = Release;
		};
		707C48E41D450C73008BD838 /* Debug */ = {
			isa = XCBuildConfiguration;
			buildSettings = {
				BUNDLE_LOADER = "$(TEST_HOST)";
				INFOPLIST_FILE = MyTravelTests/Info.plist;
				LD_RUNPATH_SEARCH_PATHS = "$(inherited) @executable_path/Frameworks @loader_path/Frameworks";
				PRODUCT_BUNDLE_IDENTIFIER = com.yeho.MyTravelTests;
				PRODUCT_NAME = "$(TARGET_NAME)";
				TEST_HOST = "$(BUILT_PRODUCTS_DIR)/MyTravel.app/MyTravel";
			};
			name = Debug;
		};
		707C48E51D450C73008BD838 /* Release */ = {
			isa = XCBuildConfiguration;
			buildSettings = {
				BUNDLE_LOADER = "$(TEST_HOST)";
				INFOPLIST_FILE = MyTravelTests/Info.plist;
				LD_RUNPATH_SEARCH_PATHS = "$(inherited) @executable_path/Frameworks @loader_path/Frameworks";
				PRODUCT_BUNDLE_IDENTIFIER = com.yeho.MyTravelTests;
				PRODUCT_NAME = "$(TARGET_NAME)";
				TEST_HOST = "$(BUILT_PRODUCTS_DIR)/MyTravel.app/MyTravel";
			};
			name = Release;
		};
		707C48E71D450C73008BD838 /* Debug */ = {
			isa = XCBuildConfiguration;
			buildSettings = {
				INFOPLIST_FILE = MyTravelUITests/Info.plist;
				LD_RUNPATH_SEARCH_PATHS = "$(inherited) @executable_path/Frameworks @loader_path/Frameworks";
				PRODUCT_BUNDLE_IDENTIFIER = com.yeho.MyTravelUITests;
				PRODUCT_NAME = "$(TARGET_NAME)";
				TEST_TARGET_NAME = MyTravel;
			};
			name = Debug;
		};
		707C48E81D450C73008BD838 /* Release */ = {
			isa = XCBuildConfiguration;
			buildSettings = {
				INFOPLIST_FILE = MyTravelUITests/Info.plist;
				LD_RUNPATH_SEARCH_PATHS = "$(inherited) @executable_path/Frameworks @loader_path/Frameworks";
				PRODUCT_BUNDLE_IDENTIFIER = com.yeho.MyTravelUITests;
				PRODUCT_NAME = "$(TARGET_NAME)";
				TEST_TARGET_NAME = MyTravel;
			};
			name = Release;
		};
/* End XCBuildConfiguration section */

/* Begin XCConfigurationList section */
		707C48B31D450C73008BD838 /* Build configuration list for PBXProject "MyTravel" */ = {
			isa = XCConfigurationList;
			buildConfigurations = (
				707C48DE1D450C73008BD838 /* Debug */,
				707C48DF1D450C73008BD838 /* Release */,
			);
			defaultConfigurationIsVisible = 0;
			defaultConfigurationName = Release;
		};
		707C48E01D450C73008BD838 /* Build configuration list for PBXNativeTarget "MyTravel" */ = {
			isa = XCConfigurationList;
			buildConfigurations = (
				707C48E11D450C73008BD838 /* Debug */,
				707C48E21D450C73008BD838 /* Release */,
			);
			defaultConfigurationIsVisible = 0;
		};
		707C48E31D450C73008BD838 /* Build configuration list for PBXNativeTarget "MyTravelTests" */ = {
			isa = XCConfigurationList;
			buildConfigurations = (
				707C48E41D450C73008BD838 /* Debug */,
				707C48E51D450C73008BD838 /* Release */,
			);
			defaultConfigurationIsVisible = 0;
		};
		707C48E61D450C73008BD838 /* Build configuration list for PBXNativeTarget "MyTravelUITests" */ = {
			isa = XCConfigurationList;
			buildConfigurations = (
				707C48E71D450C73008BD838 /* Debug */,
				707C48E81D450C73008BD838 /* Release */,
			);
			defaultConfigurationIsVisible = 0;
		};
/* End XCConfigurationList section */
	};
	rootObject = 707C48B01D450C73008BD838 /* Project object */;
}
